// !$*UTF8*$!
{
	archiveVersion = 1;
	classes = {
	};
	objectVersion = 56;
	objects = {

/* Begin PBXBuildFile section */
		172023B62AC105AB008430CB /* Wrong.wav in Resources */ = {isa = PBXBuildFile; fileRef = 172023B52AC105AB008430CB /* Wrong.wav */; };
		48FDF30E2ABC83BB00A948C6 /* Correct.wav in Resources */ = {isa = PBXBuildFile; fileRef = 48FDF30D2ABC83BB00A948C6 /* Correct.wav */; };
		48FDF3122ABCA98F00A948C6 /* WinningScreenView.swift in Sources */ = {isa = PBXBuildFile; fileRef = 48FDF3112ABCA98F00A948C6 /* WinningScreenView.swift */; };
		841C29992AB3E8A900200070 /* YouCanPutThatBracketThere_App.swift in Sources */ = {isa = PBXBuildFile; fileRef = 841C29982AB3E8A900200070 /* YouCanPutThatBracketThere_App.swift */; };
		841C299B2AB3E8A900200070 /* ContentView.swift in Sources */ = {isa = PBXBuildFile; fileRef = 841C299A2AB3E8A900200070 /* ContentView.swift */; };
		841C299D2AB3E8AA00200070 /* Assets.xcassets in Resources */ = {isa = PBXBuildFile; fileRef = 841C299C2AB3E8AA00200070 /* Assets.xcassets */; };
		841C29A02AB3E8AA00200070 /* Preview Assets.xcassets in Resources */ = {isa = PBXBuildFile; fileRef = 841C299F2AB3E8AA00200070 /* Preview Assets.xcassets */; };
		841C29A72AB3EAA700200070 /* QuotesIntroView.swift in Sources */ = {isa = PBXBuildFile; fileRef = 841C29A62AB3EAA700200070 /* QuotesIntroView.swift */; };
		841C29A92AB3ED3900200070 /* QuotesQuizView.swift in Sources */ = {isa = PBXBuildFile; fileRef = 841C29A82AB3ED3900200070 /* QuotesQuizView.swift */; };
		841C29AB2AB3EED100200070 /* CustomDropSpot.swift in Sources */ = {isa = PBXBuildFile; fileRef = 841C29AA2AB3EED100200070 /* CustomDropSpot.swift */; };
		841C29AD2AB6056600200070 /* CustomDropData.swift in Sources */ = {isa = PBXBuildFile; fileRef = 841C29AC2AB6056600200070 /* CustomDropData.swift */; };
		841C29B02AB60D2800200070 /* FunctionStructureIntroView.swift in Sources */ = {isa = PBXBuildFile; fileRef = 841C29AF2AB60D2800200070 /* FunctionStructureIntroView.swift */; };
		841C29B22AB60F4D00200070 /* FunctionsBracketsQuiz.swift in Sources */ = {isa = PBXBuildFile; fileRef = 841C29B12AB60F4D00200070 /* FunctionsBracketsQuiz.swift */; };
		84ED1C962AB6143100616FCE /* NextPageButton.swift in Sources */ = {isa = PBXBuildFile; fileRef = 84ED1C952AB6143100616FCE /* NextPageButton.swift */; };
		84ED1C982AB61FD200616FCE /* SquareBracketsIntro.swift in Sources */ = {isa = PBXBuildFile; fileRef = 84ED1C972AB61FD200616FCE /* SquareBracketsIntro.swift */; };
		84ED1C9A2AB6203200616FCE /* SquareBracketQuiz.swift in Sources */ = {isa = PBXBuildFile; fileRef = 84ED1C992AB6203200616FCE /* SquareBracketQuiz.swift */; };
		84ED1C9C2AB6205200616FCE /* FinalChallenge.swift in Sources */ = {isa = PBXBuildFile; fileRef = 84ED1C9B2AB6205200616FCE /* FinalChallenge.swift */; };
/* End PBXBuildFile section */

/* Begin PBXFileReference section */
		172023B52AC105AB008430CB /* Wrong.wav */ = {isa = PBXFileReference; lastKnownFileType = audio.wav; name = Wrong.wav; path = ../../../../Downloads/Wrong.wav; sourceTree = "<group>"; };
		48FDF30D2ABC83BB00A948C6 /* Correct.wav */ = {isa = PBXFileReference; lastKnownFileType = audio.wav; name = Correct.wav; path = "../Preview Content/Correct.wav"; sourceTree = "<group>"; };
		48FDF3112ABCA98F00A948C6 /* WinningScreenView.swift */ = {isa = PBXFileReference; lastKnownFileType = sourcecode.swift; path = WinningScreenView.swift; sourceTree = "<group>"; };
		841C29952AB3E8A900200070 /* YouCanPutThatBracketThere!.app */ = {isa = PBXFileReference; explicitFileType = wrapper.application; includeInIndex = 0; path = "YouCanPutThatBracketThere!.app"; sourceTree = BUILT_PRODUCTS_DIR; };
		841C29982AB3E8A900200070 /* YouCanPutThatBracketThere_App.swift */ = {isa = PBXFileReference; lastKnownFileType = sourcecode.swift; path = YouCanPutThatBracketThere_App.swift; sourceTree = "<group>"; };
		841C299A2AB3E8A900200070 /* ContentView.swift */ = {isa = PBXFileReference; lastKnownFileType = sourcecode.swift; path = ContentView.swift; sourceTree = "<group>"; };
		841C299C2AB3E8AA00200070 /* Assets.xcassets */ = {isa = PBXFileReference; lastKnownFileType = folder.assetcatalog; path = Assets.xcassets; sourceTree = "<group>"; };
		841C299F2AB3E8AA00200070 /* Preview Assets.xcassets */ = {isa = PBXFileReference; lastKnownFileType = folder.assetcatalog; path = "Preview Assets.xcassets"; sourceTree = "<group>"; };
		841C29A62AB3EAA700200070 /* QuotesIntroView.swift */ = {isa = PBXFileReference; lastKnownFileType = sourcecode.swift; path = QuotesIntroView.swift; sourceTree = "<group>"; };
		841C29A82AB3ED3900200070 /* QuotesQuizView.swift */ = {isa = PBXFileReference; lastKnownFileType = sourcecode.swift; path = QuotesQuizView.swift; sourceTree = "<group>"; };
		841C29AA2AB3EED100200070 /* CustomDropSpot.swift */ = {isa = PBXFileReference; lastKnownFileType = sourcecode.swift; path = CustomDropSpot.swift; sourceTree = "<group>"; };
		841C29AC2AB6056600200070 /* CustomDropData.swift */ = {isa = PBXFileReference; lastKnownFileType = sourcecode.swift; path = CustomDropData.swift; sourceTree = "<group>"; };
		841C29AE2AB606DF00200070 /* YouCanPutThatBracketThere--Info.plist */ = {isa = PBXFileReference; lastKnownFileType = text.plist; path = "YouCanPutThatBracketThere--Info.plist"; sourceTree = SOURCE_ROOT; };
		841C29AF2AB60D2800200070 /* FunctionStructureIntroView.swift */ = {isa = PBXFileReference; lastKnownFileType = sourcecode.swift; path = FunctionStructureIntroView.swift; sourceTree = "<group>"; };
		841C29B12AB60F4D00200070 /* FunctionsBracketsQuiz.swift */ = {isa = PBXFileReference; lastKnownFileType = sourcecode.swift; path = FunctionsBracketsQuiz.swift; sourceTree = "<group>"; };
		84ED1C952AB6143100616FCE /* NextPageButton.swift */ = {isa = PBXFileReference; lastKnownFileType = sourcecode.swift; path = NextPageButton.swift; sourceTree = "<group>"; };
		84ED1C972AB61FD200616FCE /* SquareBracketsIntro.swift */ = {isa = PBXFileReference; lastKnownFileType = sourcecode.swift; path = SquareBracketsIntro.swift; sourceTree = "<group>"; };
		84ED1C992AB6203200616FCE /* SquareBracketQuiz.swift */ = {isa = PBXFileReference; lastKnownFileType = sourcecode.swift; path = SquareBracketQuiz.swift; sourceTree = "<group>"; };
		84ED1C9B2AB6205200616FCE /* FinalChallenge.swift */ = {isa = PBXFileReference; lastKnownFileType = sourcecode.swift; path = FinalChallenge.swift; sourceTree = "<group>"; };
/* End PBXFileReference section */

/* Begin PBXFrameworksBuildPhase section */
		841C29922AB3E8A900200070 /* Frameworks */ = {
			isa = PBXFrameworksBuildPhase;
			buildActionMask = 2147483647;
			files = (
			);
			runOnlyForDeploymentPostprocessing = 0;
		};
/* End PBXFrameworksBuildPhase section */

/* Begin PBXGroup section */
		48FDF30C2ABC816400A948C6 /* Sounds */ = {
			isa = PBXGroup;
			children = (
				172023B52AC105AB008430CB /* Wrong.wav */,
				48FDF30D2ABC83BB00A948C6 /* Correct.wav */,
			);
			path = Sounds;
			sourceTree = "<group>";
		};
		841C298C2AB3E8A900200070 = {
			isa = PBXGroup;
			children = (
				841C29972AB3E8A900200070 /* YouCanPutThatBracketThere! */,
				841C29962AB3E8A900200070 /* Products */,
			);
			sourceTree = "<group>";
		};
		841C29962AB3E8A900200070 /* Products */ = {
			isa = PBXGroup;
			children = (
				841C29952AB3E8A900200070 /* YouCanPutThatBracketThere!.app */,
			);
			name = Products;
			sourceTree = "<group>";
		};
		841C29972AB3E8A900200070 /* YouCanPutThatBracketThere! */ = {
			isa = PBXGroup;
			children = (
				841C29AE2AB606DF00200070 /* YouCanPutThatBracketThere--Info.plist */,
				841C29982AB3E8A900200070 /* YouCanPutThatBracketThere_App.swift */,
				84ED1C9E2AB622B600616FCE /* Components */,
				84ED1C9D2AB622AC00616FCE /* Views */,
				841C299C2AB3E8AA00200070 /* Assets.xcassets */,
				48FDF30C2ABC816400A948C6 /* Sounds */,
				841C299E2AB3E8AA00200070 /* Preview Content */,
			);
			path = "YouCanPutThatBracketThere!";
			sourceTree = "<group>";
		};
		841C299E2AB3E8AA00200070 /* Preview Content */ = {
			isa = PBXGroup;
			children = (
				841C299F2AB3E8AA00200070 /* Preview Assets.xcassets */,
			);
			path = "Preview Content";
			sourceTree = "<group>";
		};
		84ED1C9D2AB622AC00616FCE /* Views */ = {
			isa = PBXGroup;
			children = (
				841C299A2AB3E8A900200070 /* ContentView.swift */,
				841C29A62AB3EAA700200070 /* QuotesIntroView.swift */,
				841C29A82AB3ED3900200070 /* QuotesQuizView.swift */,
				841C29AF2AB60D2800200070 /* FunctionStructureIntroView.swift */,
				841C29B12AB60F4D00200070 /* FunctionsBracketsQuiz.swift */,
				84ED1C972AB61FD200616FCE /* SquareBracketsIntro.swift */,
				84ED1C992AB6203200616FCE /* SquareBracketQuiz.swift */,
				84ED1C9B2AB6205200616FCE /* FinalChallenge.swift */,
				48FDF3112ABCA98F00A948C6 /* WinningScreenView.swift */,
			);
			path = Views;
			sourceTree = "<group>";
		};
		84ED1C9E2AB622B600616FCE /* Components */ = {
			isa = PBXGroup;
			children = (
				841C29AA2AB3EED100200070 /* CustomDropSpot.swift */,
				841C29AC2AB6056600200070 /* CustomDropData.swift */,
				84ED1C952AB6143100616FCE /* NextPageButton.swift */,
			);
			path = Components;
			sourceTree = "<group>";
		};
/* End PBXGroup section */

/* Begin PBXNativeTarget section */
		841C29942AB3E8A900200070 /* YouCanPutThatBracketThere! */ = {
			isa = PBXNativeTarget;
			buildConfigurationList = 841C29A32AB3E8AA00200070 /* Build configuration list for PBXNativeTarget "YouCanPutThatBracketThere!" */;
			buildPhases = (
				841C29912AB3E8A900200070 /* Sources */,
				841C29922AB3E8A900200070 /* Frameworks */,
				841C29932AB3E8A900200070 /* Resources */,
			);
			buildRules = (
			);
			dependencies = (
			);
			name = "YouCanPutThatBracketThere!";
			productName = "YouCanPutThatBracketThere!";
			productReference = 841C29952AB3E8A900200070 /* YouCanPutThatBracketThere!.app */;
			productType = "com.apple.product-type.application";
		};
/* End PBXNativeTarget section */

/* Begin PBXProject section */
		841C298D2AB3E8A900200070 /* Project object */ = {
			isa = PBXProject;
			attributes = {
				BuildIndependentTargetsInParallel = 1;
				LastSwiftUpdateCheck = 1430;
				LastUpgradeCheck = 1430;
				TargetAttributes = {
					841C29942AB3E8A900200070 = {
						CreatedOnToolsVersion = 14.3;
					};
				};
			};
			buildConfigurationList = 841C29902AB3E8A900200070 /* Build configuration list for PBXProject "YouCanPutThatBracketThere!" */;
			compatibilityVersion = "Xcode 14.0";
			developmentRegion = en;
			hasScannedForEncodings = 0;
			knownRegions = (
				en,
				Base,
			);
			mainGroup = 841C298C2AB3E8A900200070;
			productRefGroup = 841C29962AB3E8A900200070 /* Products */;
			projectDirPath = "";
			projectRoot = "";
			targets = (
				841C29942AB3E8A900200070 /* YouCanPutThatBracketThere! */,
			);
		};
/* End PBXProject section */

/* Begin PBXResourcesBuildPhase section */
		841C29932AB3E8A900200070 /* Resources */ = {
			isa = PBXResourcesBuildPhase;
			buildActionMask = 2147483647;
			files = (
				841C29A02AB3E8AA00200070 /* Preview Assets.xcassets in Resources */,
				48FDF30E2ABC83BB00A948C6 /* Correct.wav in Resources */,
				172023B62AC105AB008430CB /* Wrong.wav in Resources */,
				841C299D2AB3E8AA00200070 /* Assets.xcassets in Resources */,
			);
			runOnlyForDeploymentPostprocessing = 0;
		};
/* End PBXResourcesBuildPhase section */

/* Begin PBXSourcesBuildPhase section */
		841C29912AB3E8A900200070 /* Sources */ = {
			isa = PBXSourcesBuildPhase;
			buildActionMask = 2147483647;
			files = (
				84ED1C9C2AB6205200616FCE /* FinalChallenge.swift in Sources */,
				841C29B02AB60D2800200070 /* FunctionStructureIntroView.swift in Sources */,
				841C29A92AB3ED3900200070 /* QuotesQuizView.swift in Sources */,
				841C299B2AB3E8A900200070 /* ContentView.swift in Sources */,
				841C29A72AB3EAA700200070 /* QuotesIntroView.swift in Sources */,
				841C29AD2AB6056600200070 /* CustomDropData.swift in Sources */,
				84ED1C9A2AB6203200616FCE /* SquareBracketQuiz.swift in Sources */,
				841C29AB2AB3EED100200070 /* CustomDropSpot.swift in Sources */,
				84ED1C962AB6143100616FCE /* NextPageButton.swift in Sources */,
				841C29992AB3E8A900200070 /* YouCanPutThatBracketThere_App.swift in Sources */,
				84ED1C982AB61FD200616FCE /* SquareBracketsIntro.swift in Sources */,
				841C29B22AB60F4D00200070 /* FunctionsBracketsQuiz.swift in Sources */,
				48FDF3122ABCA98F00A948C6 /* WinningScreenView.swift in Sources */,
			);
			runOnlyForDeploymentPostprocessing = 0;
		};
/* End PBXSourcesBuildPhase section */

/* Begin XCBuildConfiguration section */
		841C29A12AB3E8AA00200070 /* Debug */ = {
			isa = XCBuildConfiguration;
			buildSettings = {
				ALWAYS_SEARCH_USER_PATHS = NO;
				CLANG_ANALYZER_NONNULL = YES;
				CLANG_ANALYZER_NUMBER_OBJECT_CONVERSION = YES_AGGRESSIVE;
				CLANG_CXX_LANGUAGE_STANDARD = "gnu++20";
				CLANG_ENABLE_MODULES = YES;
				CLANG_ENABLE_OBJC_ARC = YES;
				CLANG_ENABLE_OBJC_WEAK = YES;
				CLANG_WARN_BLOCK_CAPTURE_AUTORELEASING = YES;
				CLANG_WARN_BOOL_CONVERSION = YES;
				CLANG_WARN_COMMA = YES;
				CLANG_WARN_CONSTANT_CONVERSION = YES;
				CLANG_WARN_DEPRECATED_OBJC_IMPLEMENTATIONS = YES;
				CLANG_WARN_DIRECT_OBJC_ISA_USAGE = YES_ERROR;
				CLANG_WARN_DOCUMENTATION_COMMENTS = YES;
				CLANG_WARN_EMPTY_BODY = YES;
				CLANG_WARN_ENUM_CONVERSION = YES;
				CLANG_WARN_INFINITE_RECURSION = YES;
				CLANG_WARN_INT_CONVERSION = YES;
				CLANG_WARN_NON_LITERAL_NULL_CONVERSION = YES;
				CLANG_WARN_OBJC_IMPLICIT_RETAIN_SELF = YES;
				CLANG_WARN_OBJC_LITERAL_CONVERSION = YES;
				CLANG_WARN_OBJC_ROOT_CLASS = YES_ERROR;
				CLANG_WARN_QUOTED_INCLUDE_IN_FRAMEWORK_HEADER = YES;
				CLANG_WARN_RANGE_LOOP_ANALYSIS = YES;
				CLANG_WARN_STRICT_PROTOTYPES = YES;
				CLANG_WARN_SUSPICIOUS_MOVE = YES;
				CLANG_WARN_UNGUARDED_AVAILABILITY = YES_AGGRESSIVE;
				CLANG_WARN_UNREACHABLE_CODE = YES;
				CLANG_WARN__DUPLICATE_METHOD_MATCH = YES;
				COPY_PHASE_STRIP = NO;
				DEBUG_INFORMATION_FORMAT = dwarf;
				ENABLE_STRICT_OBJC_MSGSEND = YES;
				ENABLE_TESTABILITY = YES;
				GCC_C_LANGUAGE_STANDARD = gnu11;
				GCC_DYNAMIC_NO_PIC = NO;
				GCC_NO_COMMON_BLOCKS = YES;
				GCC_OPTIMIZATION_LEVEL = 0;
				GCC_PREPROCESSOR_DEFINITIONS = (
					"DEBUG=1",
					"$(inherited)",
				);
				GCC_WARN_64_TO_32_BIT_CONVERSION = YES;
				GCC_WARN_ABOUT_RETURN_TYPE = YES_ERROR;
				GCC_WARN_UNDECLARED_SELECTOR = YES;
				GCC_WARN_UNINITIALIZED_AUTOS = YES_AGGRESSIVE;
				GCC_WARN_UNUSED_FUNCTION = YES;
				GCC_WARN_UNUSED_VARIABLE = YES;
				IPHONEOS_DEPLOYMENT_TARGET = 16.4;
				MTL_ENABLE_DEBUG_INFO = INCLUDE_SOURCE;
				MTL_FAST_MATH = YES;
				ONLY_ACTIVE_ARCH = YES;
				SDKROOT = iphoneos;
				SWIFT_ACTIVE_COMPILATION_CONDITIONS = DEBUG;
				SWIFT_OPTIMIZATION_LEVEL = "-Onone";
			};
			name = Debug;
		};
		841C29A22AB3E8AA00200070 /* Release */ = {
			isa = XCBuildConfiguration;
			buildSettings = {
				ALWAYS_SEARCH_USER_PATHS = NO;
				CLANG_ANALYZER_NONNULL = YES;
				CLANG_ANALYZER_NUMBER_OBJECT_CONVERSION = YES_AGGRESSIVE;
				CLANG_CXX_LANGUAGE_STANDARD = "gnu++20";
				CLANG_ENABLE_MODULES = YES;
				CLANG_ENABLE_OBJC_ARC = YES;
				CLANG_ENABLE_OBJC_WEAK = YES;
				CLANG_WARN_BLOCK_CAPTURE_AUTORELEASING = YES;
				CLANG_WARN_BOOL_CONVERSION = YES;
				CLANG_WARN_COMMA = YES;
				CLANG_WARN_CONSTANT_CONVERSION = YES;
				CLANG_WARN_DEPRECATED_OBJC_IMPLEMENTATIONS = YES;
				CLANG_WARN_DIRECT_OBJC_ISA_USAGE = YES_ERROR;
				CLANG_WARN_DOCUMENTATION_COMMENTS = YES;
				CLANG_WARN_EMPTY_BODY = YES;
				CLANG_WARN_ENUM_CONVERSION = YES;
				CLANG_WARN_INFINITE_RECURSION = YES;
				CLANG_WARN_INT_CONVERSION = YES;
				CLANG_WARN_NON_LITERAL_NULL_CONVERSION = YES;
				CLANG_WARN_OBJC_IMPLICIT_RETAIN_SELF = YES;
				CLANG_WARN_OBJC_LITERAL_CONVERSION = YES;
				CLANG_WARN_OBJC_ROOT_CLASS = YES_ERROR;
				CLANG_WARN_QUOTED_INCLUDE_IN_FRAMEWORK_HEADER = YES;
				CLANG_WARN_RANGE_LOOP_ANALYSIS = YES;
				CLANG_WARN_STRICT_PROTOTYPES = YES;
				CLANG_WARN_SUSPICIOUS_MOVE = YES;
				CLANG_WARN_UNGUARDED_AVAILABILITY = YES_AGGRESSIVE;
				CLANG_WARN_UNREACHABLE_CODE = YES;
				CLANG_WARN__DUPLICATE_METHOD_MATCH = YES;
				COPY_PHASE_STRIP = NO;
				DEBUG_INFORMATION_FORMAT = "dwarf-with-dsym";
				ENABLE_NS_ASSERTIONS = NO;
				ENABLE_STRICT_OBJC_MSGSEND = YES;
				GCC_C_LANGUAGE_STANDARD = gnu11;
				GCC_NO_COMMON_BLOCKS = YES;
				GCC_WARN_64_TO_32_BIT_CONVERSION = YES;
				GCC_WARN_ABOUT_RETURN_TYPE = YES_ERROR;
				GCC_WARN_UNDECLARED_SELECTOR = YES;
				GCC_WARN_UNINITIALIZED_AUTOS = YES_AGGRESSIVE;
				GCC_WARN_UNUSED_FUNCTION = YES;
				GCC_WARN_UNUSED_VARIABLE = YES;
				IPHONEOS_DEPLOYMENT_TARGET = 16.4;
				MTL_ENABLE_DEBUG_INFO = NO;
				MTL_FAST_MATH = YES;
				SDKROOT = iphoneos;
				SWIFT_COMPILATION_MODE = wholemodule;
				SWIFT_OPTIMIZATION_LEVEL = "-O";
				VALIDATE_PRODUCT = YES;
			};
			name = Release;
		};
		841C29A42AB3E8AA00200070 /* Debug */ = {
			isa = XCBuildConfiguration;
			buildSettings = {
				ASSETCATALOG_COMPILER_APPICON_NAME = AppIcon;
				ASSETCATALOG_COMPILER_GLOBAL_ACCENT_COLOR_NAME = AccentColor;
				CODE_SIGN_STYLE = Automatic;
				CURRENT_PROJECT_VERSION = 1;
				DEVELOPMENT_ASSET_PATHS = "\"YouCanPutThatBracketThere!/Preview Content\"";
				DEVELOPMENT_TEAM = FWJLKRF7KR;
				ENABLE_PREVIEWS = YES;
				GENERATE_INFOPLIST_FILE = YES;
				INFOPLIST_FILE = "YouCanPutThatBracketThere--Info.plist";
				INFOPLIST_KEY_UIApplicationSceneManifest_Generation = YES;
				INFOPLIST_KEY_UIApplicationSupportsIndirectInputEvents = YES;
				INFOPLIST_KEY_UILaunchScreen_Generation = YES;
				INFOPLIST_KEY_UISupportedInterfaceOrientations = "UIInterfaceOrientationLandscapeLeft UIInterfaceOrientationLandscapeRight";
				INFOPLIST_KEY_UISupportedInterfaceOrientations_iPad = "UIInterfaceOrientationLandscapeLeft UIInterfaceOrientationLandscapeRight UIInterfaceOrientationPortrait UIInterfaceOrientationPortraitUpsideDown";
				LD_RUNPATH_SEARCH_PATHS = (
					"$(inherited)",
					"@executable_path/Frameworks",
				);
				MARKETING_VERSION = 1.0;
				PRODUCT_BUNDLE_IDENTIFIER = "com.jeremy.drawRoute.YouCanPutThatBracketThere-";
				PRODUCT_NAME = "$(TARGET_NAME)";
				SWIFT_EMIT_LOC_STRINGS = YES;
				SWIFT_VERSION = 5.0;
				TARGETED_DEVICE_FAMILY = "1,2";
			};
			name = Debug;
		};
		841C29A52AB3E8AA00200070 /* Release */ = {
			isa = XCBuildConfiguration;
			buildSettings = {
				ASSETCATALOG_COMPILER_APPICON_NAME = AppIcon;
				ASSETCATALOG_COMPILER_GLOBAL_ACCENT_COLOR_NAME = AccentColor;
				CODE_SIGN_STYLE = Automatic;
				CURRENT_PROJECT_VERSION = 1;
				DEVELOPMENT_ASSET_PATHS = "\"YouCanPutThatBracketThere!/Preview Content\"";
				DEVELOPMENT_TEAM = FWJLKRF7KR;
				ENABLE_PREVIEWS = YES;
				GENERATE_INFOPLIST_FILE = YES;
				INFOPLIST_FILE = "YouCanPutThatBracketThere--Info.plist";
				INFOPLIST_KEY_UIApplicationSceneManifest_Generation = YES;
				INFOPLIST_KEY_UIApplicationSupportsIndirectInputEvents = YES;
				INFOPLIST_KEY_UILaunchScreen_Generation = YES;
				INFOPLIST_KEY_UISupportedInterfaceOrientations = "UIInterfaceOrientationLandscapeLeft UIInterfaceOrientationLandscapeRight";
				INFOPLIST_KEY_UISupportedInterfaceOrientations_iPad = "UIInterfaceOrientationLandscapeLeft UIInterfaceOrientationLandscapeRight UIInterfaceOrientationPortrait UIInterfaceOrientationPortraitUpsideDown";
				LD_RUNPATH_SEARCH_PATHS = (
					"$(inherited)",
					"@executable_path/Frameworks",
				);
				MARKETING_VERSION = 1.0;
				PRODUCT_BUNDLE_IDENTIFIER = "com.jeremy.drawRoute.YouCanPutThatBracketThere-";
				PRODUCT_NAME = "$(TARGET_NAME)";
				SWIFT_EMIT_LOC_STRINGS = YES;
				SWIFT_VERSION = 5.0;
				TARGETED_DEVICE_FAMILY = "1,2";
			};
			name = Release;
		};
/* End XCBuildConfiguration section */

/* Begin XCConfigurationList section */
		841C29902AB3E8A900200070 /* Build configuration list for PBXProject "YouCanPutThatBracketThere!" */ = {
			isa = XCConfigurationList;
			buildConfigurations = (
				841C29A12AB3E8AA00200070 /* Debug */,
				841C29A22AB3E8AA00200070 /* Release */,
			);
			defaultConfigurationIsVisible = 0;
			defaultConfigurationName = Release;
		};
		841C29A32AB3E8AA00200070 /* Build configuration list for PBXNativeTarget "YouCanPutThatBracketThere!" */ = {
			isa = XCConfigurationList;
			buildConfigurations = (
				841C29A42AB3E8AA00200070 /* Debug */,
				841C29A52AB3E8AA00200070 /* Release */,
			);
			defaultConfigurationIsVisible = 0;
			defaultConfigurationName = Release;
		};
/* End XCConfigurationList section */
	};
	rootObject = 841C298D2AB3E8A900200070 /* Project object */;
}
